// !$*UTF8*$!
{
	archiveVersion = 1;
	classes = {
	};
	objectVersion = 56;
	objects = {

/* Begin PBXBuildFile section */
		4CBB82E22D302F1D002177EF /* AppDelegate.swift in Sources */ = {isa = PBXBuildFile; fileRef = 4CBB82E12D302F1D002177EF /* AppDelegate.swift */; };
		4CBB82EB2D302F1E002177EF /* Assets.xcassets in Resources */ = {isa = PBXBuildFile; fileRef = 4CBB82EA2D302F1E002177EF /* Assets.xcassets */; };
		4CBB82EE2D302F1E002177EF /* Base in Resources */ = {isa = PBXBuildFile; fileRef = 4CBB82ED2D302F1E002177EF /* Base */; };
		4CBB82F82D303209002177EF /* LoginView.swift in Sources */ = {isa = PBXBuildFile; fileRef = 4CBB82F72D303209002177EF /* LoginView.swift */; };
		4CBB82FA2D30411E002177EF /* LoginFacade.swift in Sources */ = {isa = PBXBuildFile; fileRef = 4CBB82F92D30411E002177EF /* LoginFacade.swift */; };
		4CBB82FC2D304D82002177EF /* LoginModel.swift in Sources */ = {isa = PBXBuildFile; fileRef = 4CBB82FB2D304D82002177EF /* LoginModel.swift */; };
		4CBB82FE2D304DB4002177EF /* LoginViewModel.swift in Sources */ = {isa = PBXBuildFile; fileRef = 4CBB82FD2D304DB4002177EF /* LoginViewModel.swift */; };
		4CBB83012D304FDA002177EF /* RegisterView.swift in Sources */ = {isa = PBXBuildFile; fileRef = 4CBB83002D304FDA002177EF /* RegisterView.swift */; };
		4CBB83032D3051F2002177EF /* RegisterFacade.swift in Sources */ = {isa = PBXBuildFile; fileRef = 4CBB83022D3051F2002177EF /* RegisterFacade.swift */; };
		4CBB83062D30526A002177EF /* Strings.swift in Sources */ = {isa = PBXBuildFile; fileRef = 4CBB83052D30526A002177EF /* Strings.swift */; };
		4CBB83082D3056F1002177EF /* Loader.swift in Sources */ = {isa = PBXBuildFile; fileRef = 4CBB83072D3056F1002177EF /* Loader.swift */; };
		4CBB830A2D305AE2002177EF /* CustomAlertView.swift in Sources */ = {isa = PBXBuildFile; fileRef = 4CBB83092D305AE2002177EF /* CustomAlertView.swift */; };
		4CBB830C2D305EF7002177EF /* AlertHelper.swift in Sources */ = {isa = PBXBuildFile; fileRef = 4CBB830B2D305EF7002177EF /* AlertHelper.swift */; };
		4CBB830E2D307E51002177EF /* RegisterModel.swift in Sources */ = {isa = PBXBuildFile; fileRef = 4CBB830D2D307E51002177EF /* RegisterModel.swift */; };
		4CBB83102D307E7E002177EF /* RegisterViewModel.swift in Sources */ = {isa = PBXBuildFile; fileRef = 4CBB830F2D307E7E002177EF /* RegisterViewModel.swift */; };
		4CBB83132D30898A002177EF /* InitView.swift in Sources */ = {isa = PBXBuildFile; fileRef = 4CBB83122D30898A002177EF /* InitView.swift */; };
		4CBB83152D309068002177EF /* InitFacade.swift in Sources */ = {isa = PBXBuildFile; fileRef = 4CBB83142D309068002177EF /* InitFacade.swift */; };
		4CBB83172D30933B002177EF /* PokemonCell.swift in Sources */ = {isa = PBXBuildFile; fileRef = 4CBB83162D30933A002177EF /* PokemonCell.swift */; };
		4CBB83192D3093F1002177EF /* InitModel.swift in Sources */ = {isa = PBXBuildFile; fileRef = 4CBB83182D3093F1002177EF /* InitModel.swift */; };
		4CBB831B2D309650002177EF /* InitView+Table.swift in Sources */ = {isa = PBXBuildFile; fileRef = 4CBB831A2D309650002177EF /* InitView+Table.swift */; };
		4CBB831D2D309754002177EF /* InitViewModel.swift in Sources */ = {isa = PBXBuildFile; fileRef = 4CBB831C2D309754002177EF /* InitViewModel.swift */; };
		4CBB83202D309D0A002177EF /* Server.swift in Sources */ = {isa = PBXBuildFile; fileRef = 4CBB831F2D309D0A002177EF /* Server.swift */; };
		4CBB83222D30BA2E002177EF /* Constants.swift in Sources */ = {isa = PBXBuildFile; fileRef = 4CBB83212D30BA2E002177EF /* Constants.swift */; };
		4CBB83252D32E8AE002177EF /* DetailView.swift in Sources */ = {isa = PBXBuildFile; fileRef = 4CBB83242D32E8AD002177EF /* DetailView.swift */; };
		4CBB83272D32E9C8002177EF /* DetailModel.swift in Sources */ = {isa = PBXBuildFile; fileRef = 4CBB83262D32E9C8002177EF /* DetailModel.swift */; };
		4CBB83292D32F77F002177EF /* DetailFacade.swift in Sources */ = {isa = PBXBuildFile; fileRef = 4CBB83282D32F77F002177EF /* DetailFacade.swift */; };
		4CBB832B2D330687002177EF /* DetailViewModel.swift in Sources */ = {isa = PBXBuildFile; fileRef = 4CBB832A2D330687002177EF /* DetailViewModel.swift */; };
		4CBB832D2D3310F1002177EF /* ImageHelper.swift in Sources */ = {isa = PBXBuildFile; fileRef = 4CBB832C2D3310F1002177EF /* ImageHelper.swift */; };
/* End PBXBuildFile section */

/* Begin PBXFileReference section */
		4CBB82DE2D302F1D002177EF /* MyPokemon.app */ = {isa = PBXFileReference; explicitFileType = wrapper.application; includeInIndex = 0; path = MyPokemon.app; sourceTree = BUILT_PRODUCTS_DIR; };
		4CBB82E12D302F1D002177EF /* AppDelegate.swift */ = {isa = PBXFileReference; lastKnownFileType = sourcecode.swift; path = AppDelegate.swift; sourceTree = "<group>"; };
		4CBB82EA2D302F1E002177EF /* Assets.xcassets */ = {isa = PBXFileReference; lastKnownFileType = folder.assetcatalog; path = Assets.xcassets; sourceTree = "<group>"; };
		4CBB82ED2D302F1E002177EF /* Base */ = {isa = PBXFileReference; lastKnownFileType = file.storyboard; name = Base; path = Base.lproj/LaunchScreen.storyboard; sourceTree = "<group>"; };
		4CBB82EF2D302F1E002177EF /* Info.plist */ = {isa = PBXFileReference; lastKnownFileType = text.plist.xml; path = Info.plist; sourceTree = "<group>"; };
		4CBB82F72D303209002177EF /* LoginView.swift */ = {isa = PBXFileReference; lastKnownFileType = sourcecode.swift; path = LoginView.swift; sourceTree = "<group>"; };
		4CBB82F92D30411E002177EF /* LoginFacade.swift */ = {isa = PBXFileReference; lastKnownFileType = sourcecode.swift; path = LoginFacade.swift; sourceTree = "<group>"; };
		4CBB82FB2D304D82002177EF /* LoginModel.swift */ = {isa = PBXFileReference; lastKnownFileType = sourcecode.swift; path = LoginModel.swift; sourceTree = "<group>"; };
		4CBB82FD2D304DB4002177EF /* LoginViewModel.swift */ = {isa = PBXFileReference; lastKnownFileType = sourcecode.swift; path = LoginViewModel.swift; sourceTree = "<group>"; };
		4CBB83002D304FDA002177EF /* RegisterView.swift */ = {isa = PBXFileReference; lastKnownFileType = sourcecode.swift; path = RegisterView.swift; sourceTree = "<group>"; };
		4CBB83022D3051F2002177EF /* RegisterFacade.swift */ = {isa = PBXFileReference; lastKnownFileType = sourcecode.swift; path = RegisterFacade.swift; sourceTree = "<group>"; };
		4CBB83052D30526A002177EF /* Strings.swift */ = {isa = PBXFileReference; lastKnownFileType = sourcecode.swift; path = Strings.swift; sourceTree = "<group>"; };
		4CBB83072D3056F1002177EF /* Loader.swift */ = {isa = PBXFileReference; lastKnownFileType = sourcecode.swift; path = Loader.swift; sourceTree = "<group>"; };
		4CBB83092D305AE2002177EF /* CustomAlertView.swift */ = {isa = PBXFileReference; lastKnownFileType = sourcecode.swift; path = CustomAlertView.swift; sourceTree = "<group>"; };
		4CBB830B2D305EF7002177EF /* AlertHelper.swift */ = {isa = PBXFileReference; lastKnownFileType = sourcecode.swift; path = AlertHelper.swift; sourceTree = "<group>"; };
		4CBB830D2D307E51002177EF /* RegisterModel.swift */ = {isa = PBXFileReference; lastKnownFileType = sourcecode.swift; path = RegisterModel.swift; sourceTree = "<group>"; };
		4CBB830F2D307E7E002177EF /* RegisterViewModel.swift */ = {isa = PBXFileReference; lastKnownFileType = sourcecode.swift; path = RegisterViewModel.swift; sourceTree = "<group>"; };
		4CBB83122D30898A002177EF /* InitView.swift */ = {isa = PBXFileReference; lastKnownFileType = sourcecode.swift; path = InitView.swift; sourceTree = "<group>"; };
		4CBB83142D309068002177EF /* InitFacade.swift */ = {isa = PBXFileReference; lastKnownFileType = sourcecode.swift; path = InitFacade.swift; sourceTree = "<group>"; };
		4CBB83162D30933A002177EF /* PokemonCell.swift */ = {isa = PBXFileReference; lastKnownFileType = sourcecode.swift; path = PokemonCell.swift; sourceTree = "<group>"; };
		4CBB83182D3093F1002177EF /* InitModel.swift */ = {isa = PBXFileReference; lastKnownFileType = sourcecode.swift; path = InitModel.swift; sourceTree = "<group>"; };
		4CBB831A2D309650002177EF /* InitView+Table.swift */ = {isa = PBXFileReference; lastKnownFileType = sourcecode.swift; path = "InitView+Table.swift"; sourceTree = "<group>"; };
		4CBB831C2D309754002177EF /* InitViewModel.swift */ = {isa = PBXFileReference; lastKnownFileType = sourcecode.swift; path = InitViewModel.swift; sourceTree = "<group>"; };
		4CBB831F2D309D0A002177EF /* Server.swift */ = {isa = PBXFileReference; lastKnownFileType = sourcecode.swift; path = Server.swift; sourceTree = "<group>"; };
		4CBB83212D30BA2E002177EF /* Constants.swift */ = {isa = PBXFileReference; lastKnownFileType = sourcecode.swift; path = Constants.swift; sourceTree = "<group>"; };
		4CBB83242D32E8AD002177EF /* DetailView.swift */ = {isa = PBXFileReference; lastKnownFileType = sourcecode.swift; path = DetailView.swift; sourceTree = "<group>"; };
		4CBB83262D32E9C8002177EF /* DetailModel.swift */ = {isa = PBXFileReference; lastKnownFileType = sourcecode.swift; path = DetailModel.swift; sourceTree = "<group>"; };
		4CBB83282D32F77F002177EF /* DetailFacade.swift */ = {isa = PBXFileReference; lastKnownFileType = sourcecode.swift; path = DetailFacade.swift; sourceTree = "<group>"; };
		4CBB832A2D330687002177EF /* DetailViewModel.swift */ = {isa = PBXFileReference; lastKnownFileType = sourcecode.swift; path = DetailViewModel.swift; sourceTree = "<group>"; };
		4CBB832C2D3310F1002177EF /* ImageHelper.swift */ = {isa = PBXFileReference; lastKnownFileType = sourcecode.swift; path = ImageHelper.swift; sourceTree = "<group>"; };
/* End PBXFileReference section */

/* Begin PBXFrameworksBuildPhase section */
		4CBB82DB2D302F1D002177EF /* Frameworks */ = {
			isa = PBXFrameworksBuildPhase;
			buildActionMask = 2147483647;
			files = (
			);
			runOnlyForDeploymentPostprocessing = 0;
		};
/* End PBXFrameworksBuildPhase section */

/* Begin PBXGroup section */
		4CBB82D52D302F1D002177EF = {
			isa = PBXGroup;
			children = (
				4CBB82E02D302F1D002177EF /* MyPokemon */,
				4CBB82DF2D302F1D002177EF /* Products */,
			);
			sourceTree = "<group>";
		};
		4CBB82DF2D302F1D002177EF /* Products */ = {
			isa = PBXGroup;
			children = (
				4CBB82DE2D302F1D002177EF /* MyPokemon.app */,
			);
			name = Products;
			sourceTree = "<group>";
		};
		4CBB82E02D302F1D002177EF /* MyPokemon */ = {
			isa = PBXGroup;
			children = (
				4CBB83232D32E890002177EF /* DetailView */,
				4CBB831E2D309CFE002177EF /* Connection */,
				4CBB83112D308975002177EF /* InitView */,
				4CBB83042D305260002177EF /* Commons */,
				4CBB82FF2D304FC2002177EF /* RegisterView */,
				4CBB82F62D3031E5002177EF /* Login */,
				4CBB82F52D3031CE002177EF /* Delegate */,
				4CBB82EA2D302F1E002177EF /* Assets.xcassets */,
				4CBB82EC2D302F1E002177EF /* LaunchScreen.storyboard */,
				4CBB82EF2D302F1E002177EF /* Info.plist */,
			);
			path = MyPokemon;
			sourceTree = "<group>";
		};
		4CBB82F52D3031CE002177EF /* Delegate */ = {
			isa = PBXGroup;
			children = (
				4CBB82E12D302F1D002177EF /* AppDelegate.swift */,
			);
			path = Delegate;
			sourceTree = "<group>";
		};
		4CBB82F62D3031E5002177EF /* Login */ = {
			isa = PBXGroup;
			children = (
				4CBB82F72D303209002177EF /* LoginView.swift */,
				4CBB82F92D30411E002177EF /* LoginFacade.swift */,
				4CBB82FB2D304D82002177EF /* LoginModel.swift */,
				4CBB82FD2D304DB4002177EF /* LoginViewModel.swift */,
			);
			path = Login;
			sourceTree = "<group>";
		};
		4CBB82FF2D304FC2002177EF /* RegisterView */ = {
			isa = PBXGroup;
			children = (
				4CBB83002D304FDA002177EF /* RegisterView.swift */,
				4CBB83022D3051F2002177EF /* RegisterFacade.swift */,
				4CBB830D2D307E51002177EF /* RegisterModel.swift */,
				4CBB830F2D307E7E002177EF /* RegisterViewModel.swift */,
			);
			path = RegisterView;
			sourceTree = "<group>";
		};
		4CBB83042D305260002177EF /* Commons */ = {
			isa = PBXGroup;
			children = (
				4CBB83052D30526A002177EF /* Strings.swift */,
				4CBB83072D3056F1002177EF /* Loader.swift */,
				4CBB83092D305AE2002177EF /* CustomAlertView.swift */,
				4CBB830B2D305EF7002177EF /* AlertHelper.swift */,
				4CBB83212D30BA2E002177EF /* Constants.swift */,
				4CBB832C2D3310F1002177EF /* ImageHelper.swift */,
			);
			path = Commons;
			sourceTree = "<group>";
		};
		4CBB83112D308975002177EF /* InitView */ = {
			isa = PBXGroup;
			children = (
				4CBB83122D30898A002177EF /* InitView.swift */,
				4CBB83142D309068002177EF /* InitFacade.swift */,
				4CBB83162D30933A002177EF /* PokemonCell.swift */,
				4CBB83182D3093F1002177EF /* InitModel.swift */,
				4CBB831A2D309650002177EF /* InitView+Table.swift */,
				4CBB831C2D309754002177EF /* InitViewModel.swift */,
			);
			path = InitView;
			sourceTree = "<group>";
		};
		4CBB831E2D309CFE002177EF /* Connection */ = {
			isa = PBXGroup;
			children = (
				4CBB831F2D309D0A002177EF /* Server.swift */,
			);
			path = Connection;
			sourceTree = "<group>";
		};
		4CBB83232D32E890002177EF /* DetailView */ = {
			isa = PBXGroup;
			children = (
				4CBB83242D32E8AD002177EF /* DetailView.swift */,
				4CBB83262D32E9C8002177EF /* DetailModel.swift */,
				4CBB83282D32F77F002177EF /* DetailFacade.swift */,
				4CBB832A2D330687002177EF /* DetailViewModel.swift */,
			);
			path = DetailView;
			sourceTree = "<group>";
		};
/* End PBXGroup section */

/* Begin PBXNativeTarget section */
		4CBB82DD2D302F1D002177EF /* MyPokemon */ = {
			isa = PBXNativeTarget;
			buildConfigurationList = 4CBB82F22D302F1E002177EF /* Build configuration list for PBXNativeTarget "MyPokemon" */;
			buildPhases = (
				4CBB82DA2D302F1D002177EF /* Sources */,
				4CBB82DB2D302F1D002177EF /* Frameworks */,
				4CBB82DC2D302F1D002177EF /* Resources */,
			);
			buildRules = (
			);
			dependencies = (
			);
			name = MyPokemon;
			productName = MyPokemon;
			productReference = 4CBB82DE2D302F1D002177EF /* MyPokemon.app */;
			productType = "com.apple.product-type.application";
		};
/* End PBXNativeTarget section */

/* Begin PBXProject section */
		4CBB82D62D302F1D002177EF /* Project object */ = {
			isa = PBXProject;
			attributes = {
				BuildIndependentTargetsInParallel = 1;
				LastSwiftUpdateCheck = 1540;
				LastUpgradeCheck = 1540;
				TargetAttributes = {
					4CBB82DD2D302F1D002177EF = {
						CreatedOnToolsVersion = 15.4;
					};
				};
			};
			buildConfigurationList = 4CBB82D92D302F1D002177EF /* Build configuration list for PBXProject "MyPokemon" */;
			compatibilityVersion = "Xcode 14.0";
			developmentRegion = en;
			hasScannedForEncodings = 0;
			knownRegions = (
				en,
				Base,
			);
			mainGroup = 4CBB82D52D302F1D002177EF;
			productRefGroup = 4CBB82DF2D302F1D002177EF /* Products */;
			projectDirPath = "";
			projectRoot = "";
			targets = (
				4CBB82DD2D302F1D002177EF /* MyPokemon */,
			);
		};
/* End PBXProject section */

/* Begin PBXResourcesBuildPhase section */
		4CBB82DC2D302F1D002177EF /* Resources */ = {
			isa = PBXResourcesBuildPhase;
			buildActionMask = 2147483647;
			files = (
				4CBB82EB2D302F1E002177EF /* Assets.xcassets in Resources */,
				4CBB82EE2D302F1E002177EF /* Base in Resources */,
			);
			runOnlyForDeploymentPostprocessing = 0;
		};
/* End PBXResourcesBuildPhase section */

/* Begin PBXSourcesBuildPhase section */
		4CBB82DA2D302F1D002177EF /* Sources */ = {
			isa = PBXSourcesBuildPhase;
			buildActionMask = 2147483647;
			files = (
				4CBB83132D30898A002177EF /* InitView.swift in Sources */,
				4CBB83152D309068002177EF /* InitFacade.swift in Sources */,
				4CBB830A2D305AE2002177EF /* CustomAlertView.swift in Sources */,
				4CBB830C2D305EF7002177EF /* AlertHelper.swift in Sources */,
				4CBB83292D32F77F002177EF /* DetailFacade.swift in Sources */,
				4CBB83272D32E9C8002177EF /* DetailModel.swift in Sources */,
				4CBB82F82D303209002177EF /* LoginView.swift in Sources */,
				4CBB83252D32E8AE002177EF /* DetailView.swift in Sources */,
				4CBB831B2D309650002177EF /* InitView+Table.swift in Sources */,
				4CBB83172D30933B002177EF /* PokemonCell.swift in Sources */,
				4CBB83032D3051F2002177EF /* RegisterFacade.swift in Sources */,
				4CBB83062D30526A002177EF /* Strings.swift in Sources */,
				4CBB83192D3093F1002177EF /* InitModel.swift in Sources */,
				4CBB832B2D330687002177EF /* DetailViewModel.swift in Sources */,
				4CBB83202D309D0A002177EF /* Server.swift in Sources */,
				4CBB83222D30BA2E002177EF /* Constants.swift in Sources */,
				4CBB82FC2D304D82002177EF /* LoginModel.swift in Sources */,
				4CBB82FA2D30411E002177EF /* LoginFacade.swift in Sources */,
				4CBB83012D304FDA002177EF /* RegisterView.swift in Sources */,
				4CBB831D2D309754002177EF /* InitViewModel.swift in Sources */,
				4CBB83102D307E7E002177EF /* RegisterViewModel.swift in Sources */,
				4CBB832D2D3310F1002177EF /* ImageHelper.swift in Sources */,
				4CBB830E2D307E51002177EF /* RegisterModel.swift in Sources */,
				4CBB82FE2D304DB4002177EF /* LoginViewModel.swift in Sources */,
				4CBB82E22D302F1D002177EF /* AppDelegate.swift in Sources */,
				4CBB83082D3056F1002177EF /* Loader.swift in Sources */,
			);
			runOnlyForDeploymentPostprocessing = 0;
		};
/* End PBXSourcesBuildPhase section */

/* Begin PBXVariantGroup section */
		4CBB82EC2D302F1E002177EF /* LaunchScreen.storyboard */ = {
			isa = PBXVariantGroup;
			children = (
				4CBB82ED2D302F1E002177EF /* Base */,
			);
			name = LaunchScreen.storyboard;
			sourceTree = "<group>";
		};
/* End PBXVariantGroup section */

/* Begin XCBuildConfiguration section */
		4CBB82F02D302F1E002177EF /* Debug */ = {
			isa = XCBuildConfiguration;
			buildSettings = {
				ALWAYS_SEARCH_USER_PATHS = NO;
				ASSETCATALOG_COMPILER_GENERATE_SWIFT_ASSET_SYMBOL_EXTENSIONS = YES;
				CLANG_ANALYZER_NONNULL = YES;
				CLANG_ANALYZER_NUMBER_OBJECT_CONVERSION = YES_AGGRESSIVE;
				CLANG_CXX_LANGUAGE_STANDARD = "gnu++20";
				CLANG_ENABLE_MODULES = YES;
				CLANG_ENABLE_OBJC_ARC = YES;
				CLANG_ENABLE_OBJC_WEAK = YES;
				CLANG_WARN_BLOCK_CAPTURE_AUTORELEASING = YES;
				CLANG_WARN_BOOL_CONVERSION = YES;
				CLANG_WARN_COMMA = YES;
				CLANG_WARN_CONSTANT_CONVERSION = YES;
				CLANG_WARN_DEPRECATED_OBJC_IMPLEMENTATIONS = YES;
				CLANG_WARN_DIRECT_OBJC_ISA_USAGE = YES_ERROR;
				CLANG_WARN_DOCUMENTATION_COMMENTS = YES;
				CLANG_WARN_EMPTY_BODY = YES;
				CLANG_WARN_ENUM_CONVERSION = YES;
				CLANG_WARN_INFINITE_RECURSION = YES;
				CLANG_WARN_INT_CONVERSION = YES;
				CLANG_WARN_NON_LITERAL_NULL_CONVERSION = YES;
				CLANG_WARN_OBJC_IMPLICIT_RETAIN_SELF = YES;
				CLANG_WARN_OBJC_LITERAL_CONVERSION = YES;
				CLANG_WARN_OBJC_ROOT_CLASS = YES_ERROR;
				CLANG_WARN_QUOTED_INCLUDE_IN_FRAMEWORK_HEADER = YES;
				CLANG_WARN_RANGE_LOOP_ANALYSIS = YES;
				CLANG_WARN_STRICT_PROTOTYPES = YES;
				CLANG_WARN_SUSPICIOUS_MOVE = YES;
				CLANG_WARN_UNGUARDED_AVAILABILITY = YES_AGGRESSIVE;
				CLANG_WARN_UNREACHABLE_CODE = YES;
				CLANG_WARN__DUPLICATE_METHOD_MATCH = YES;
				COPY_PHASE_STRIP = NO;
				DEBUG_INFORMATION_FORMAT = dwarf;
				ENABLE_STRICT_OBJC_MSGSEND = YES;
				ENABLE_TESTABILITY = YES;
				ENABLE_USER_SCRIPT_SANDBOXING = YES;
				GCC_C_LANGUAGE_STANDARD = gnu17;
				GCC_DYNAMIC_NO_PIC = NO;
				GCC_NO_COMMON_BLOCKS = YES;
				GCC_OPTIMIZATION_LEVEL = 0;
				GCC_PREPROCESSOR_DEFINITIONS = (
					"DEBUG=1",
					"$(inherited)",
				);
				GCC_WARN_64_TO_32_BIT_CONVERSION = YES;
				GCC_WARN_ABOUT_RETURN_TYPE = YES_ERROR;
				GCC_WARN_UNDECLARED_SELECTOR = YES;
				GCC_WARN_UNINITIALIZED_AUTOS = YES_AGGRESSIVE;
				GCC_WARN_UNUSED_FUNCTION = YES;
				GCC_WARN_UNUSED_VARIABLE = YES;
				IPHONEOS_DEPLOYMENT_TARGET = 17.5;
				LOCALIZATION_PREFERS_STRING_CATALOGS = YES;
				MTL_ENABLE_DEBUG_INFO = INCLUDE_SOURCE;
				MTL_FAST_MATH = YES;
				ONLY_ACTIVE_ARCH = YES;
				SDKROOT = iphoneos;
				SWIFT_ACTIVE_COMPILATION_CONDITIONS = "DEBUG $(inherited)";
				SWIFT_OPTIMIZATION_LEVEL = "-Onone";
			};
			name = Debug;
		};
		4CBB82F12D302F1E002177EF /* Release */ = {
			isa = XCBuildConfiguration;
			buildSettings = {
				ALWAYS_SEARCH_USER_PATHS = NO;
				ASSETCATALOG_COMPILER_GENERATE_SWIFT_ASSET_SYMBOL_EXTENSIONS = YES;
				CLANG_ANALYZER_NONNULL = YES;
				CLANG_ANALYZER_NUMBER_OBJECT_CONVERSION = YES_AGGRESSIVE;
				CLANG_CXX_LANGUAGE_STANDARD = "gnu++20";
				CLANG_ENABLE_MODULES = YES;
				CLANG_ENABLE_OBJC_ARC = YES;
				CLANG_ENABLE_OBJC_WEAK = YES;
				CLANG_WARN_BLOCK_CAPTURE_AUTORELEASING = YES;
				CLANG_WARN_BOOL_CONVERSION = YES;
				CLANG_WARN_COMMA = YES;
				CLANG_WARN_CONSTANT_CONVERSION = YES;
				CLANG_WARN_DEPRECATED_OBJC_IMPLEMENTATIONS = YES;
				CLANG_WARN_DIRECT_OBJC_ISA_USAGE = YES_ERROR;
				CLANG_WARN_DOCUMENTATION_COMMENTS = YES;
				CLANG_WARN_EMPTY_BODY = YES;
				CLANG_WARN_ENUM_CONVERSION = YES;
				CLANG_WARN_INFINITE_RECURSION = YES;
				CLANG_WARN_INT_CONVERSION = YES;
				CLANG_WARN_NON_LITERAL_NULL_CONVERSION = YES;
				CLANG_WARN_OBJC_IMPLICIT_RETAIN_SELF = YES;
				CLANG_WARN_OBJC_LITERAL_CONVERSION = YES;
				CLANG_WARN_OBJC_ROOT_CLASS = YES_ERROR;
				CLANG_WARN_QUOTED_INCLUDE_IN_FRAMEWORK_HEADER = YES;
				CLANG_WARN_RANGE_LOOP_ANALYSIS = YES;
				CLANG_WARN_STRICT_PROTOTYPES = YES;
				CLANG_WARN_SUSPICIOUS_MOVE = YES;
				CLANG_WARN_UNGUARDED_AVAILABILITY = YES_AGGRESSIVE;
				CLANG_WARN_UNREACHABLE_CODE = YES;
				CLANG_WARN__DUPLICATE_METHOD_MATCH = YES;
				COPY_PHASE_STRIP = NO;
				DEBUG_INFORMATION_FORMAT = "dwarf-with-dsym";
				ENABLE_NS_ASSERTIONS = NO;
				ENABLE_STRICT_OBJC_MSGSEND = YES;
				ENABLE_USER_SCRIPT_SANDBOXING = YES;
				GCC_C_LANGUAGE_STANDARD = gnu17;
				GCC_NO_COMMON_BLOCKS = YES;
				GCC_WARN_64_TO_32_BIT_CONVERSION = YES;
				GCC_WARN_ABOUT_RETURN_TYPE = YES_ERROR;
				GCC_WARN_UNDECLARED_SELECTOR = YES;
				GCC_WARN_UNINITIALIZED_AUTOS = YES_AGGRESSIVE;
				GCC_WARN_UNUSED_FUNCTION = YES;
				GCC_WARN_UNUSED_VARIABLE = YES;
				IPHONEOS_DEPLOYMENT_TARGET = 17.5;
				LOCALIZATION_PREFERS_STRING_CATALOGS = YES;
				MTL_ENABLE_DEBUG_INFO = NO;
				MTL_FAST_MATH = YES;
				SDKROOT = iphoneos;
				SWIFT_COMPILATION_MODE = wholemodule;
				VALIDATE_PRODUCT = YES;
			};
			name = Release;
		};
		4CBB82F32D302F1E002177EF /* Debug */ = {
			isa = XCBuildConfiguration;
			buildSettings = {
				ASSETCATALOG_COMPILER_APPICON_NAME = AppIcon;
				ASSETCATALOG_COMPILER_GLOBAL_ACCENT_COLOR_NAME = AccentColor;
				CODE_SIGN_STYLE = Automatic;
				CURRENT_PROJECT_VERSION = 1;
				DEVELOPMENT_TEAM = QP3XV7X59W;
				GENERATE_INFOPLIST_FILE = YES;
				INFOPLIST_FILE = MyPokemon/Info.plist;
				INFOPLIST_KEY_UIApplicationSupportsIndirectInputEvents = YES;
				INFOPLIST_KEY_UILaunchStoryboardName = LaunchScreen;
				INFOPLIST_KEY_UIMainStoryboardFile = "";
				INFOPLIST_KEY_UISupportedInterfaceOrientations = UIInterfaceOrientationPortrait;
				INFOPLIST_KEY_UISupportedInterfaceOrientations_iPad = "UIInterfaceOrientationLandscapeLeft UIInterfaceOrientationLandscapeRight UIInterfaceOrientationPortrait UIInterfaceOrientationPortraitUpsideDown";
				LD_RUNPATH_SEARCH_PATHS = (
					"$(inherited)",
					"@executable_path/Frameworks",
				);
				MARKETING_VERSION = 1.0;
				PRODUCT_BUNDLE_IDENTIFIER = com.zia.MyPokemon;
				PRODUCT_NAME = "$(TARGET_NAME)";
				SUPPORTED_PLATFORMS = "iphoneos iphonesimulator";
				SUPPORTS_MACCATALYST = NO;
				SWIFT_EMIT_LOC_STRINGS = YES;
				SWIFT_VERSION = 5.0;
				TARGETED_DEVICE_FAMILY = 1;
			};
			name = Debug;
		};
		4CBB82F42D302F1E002177EF /* Release */ = {
			isa = XCBuildConfiguration;
			buildSettings = {
				ASSETCATALOG_COMPILER_APPICON_NAME = AppIcon;
				ASSETCATALOG_COMPILER_GLOBAL_ACCENT_COLOR_NAME = AccentColor;
				CODE_SIGN_STYLE = Automatic;
				CURRENT_PROJECT_VERSION = 1;
				DEVELOPMENT_TEAM = QP3XV7X59W;
				GENERATE_INFOPLIST_FILE = YES;
				INFOPLIST_FILE = MyPokemon/Info.plist;
				INFOPLIST_KEY_UIApplicationSupportsIndirectInputEvents = YES;
				INFOPLIST_KEY_UILaunchStoryboardName = LaunchScreen;
				INFOPLIST_KEY_UIMainStoryboardFile = "";
				INFOPLIST_KEY_UISupportedInterfaceOrientations = UIInterfaceOrientationPortrait;
				INFOPLIST_KEY_UISupportedInterfaceOrientations_iPad = "UIInterfaceOrientationLandscapeLeft UIInterfaceOrientationLandscapeRight UIInterfaceOrientationPortrait UIInterfaceOrientationPortraitUpsideDown";
				LD_RUNPATH_SEARCH_PATHS = (
					"$(inherited)",
					"@executable_path/Frameworks",
				);
				MARKETING_VERSION = 1.0;
				PRODUCT_BUNDLE_IDENTIFIER = com.zia.MyPokemon;
				PRODUCT_NAME = "$(TARGET_NAME)";
				SUPPORTED_PLATFORMS = "iphoneos iphonesimulator";
				SUPPORTS_MACCATALYST = NO;
				SWIFT_EMIT_LOC_STRINGS = YES;
				SWIFT_VERSION = 5.0;
				TARGETED_DEVICE_FAMILY = 1;
			};
			name = Release;
		};
/* End XCBuildConfiguration section */

/* Begin XCConfigurationList section */
		4CBB82D92D302F1D002177EF /* Build configuration list for PBXProject "MyPokemon" */ = {
			isa = XCConfigurationList;
			buildConfigurations = (
				4CBB82F02D302F1E002177EF /* Debug */,
				4CBB82F12D302F1E002177EF /* Release */,
			);
			defaultConfigurationIsVisible = 0;
			defaultConfigurationName = Release;
		};
		4CBB82F22D302F1E002177EF /* Build configuration list for PBXNativeTarget "MyPokemon" */ = {
			isa = XCConfigurationList;
			buildConfigurations = (
				4CBB82F32D302F1E002177EF /* Debug */,
				4CBB82F42D302F1E002177EF /* Release */,
			);
			defaultConfigurationIsVisible = 0;
			defaultConfigurationName = Release;
		};
/* End XCConfigurationList section */
	};
	rootObject = 4CBB82D62D302F1D002177EF /* Project object */;
}
